
Microsoft Visual Studio Solution File, Format Version 12.00
# Visual Studio 15
VisualStudioVersion = 15.0.27428.2005
MinimumVisualStudioVersion = 10.0.40219.1
Project("{FAE04EC0-301F-11D3-BF4B-00C04F79EFBC}") = "EthereumCommander", "EthereumCommander\EthereumCommander.csproj", "{D3484B2C-8522-4F22-A3C5-8BCFEA01E93C}"
EndProject
Global
	GlobalSection(SolutionConfigurationPlatforms) = preSolution
		Debug|Any CPU = Debug|Any CPU
		Release|Any CPU = Release|Any CPU
	EndGlobalSection
	GlobalSection(ProjectConfigurationPlatforms) = postSolution
		{D3484B2C-8522-4F22-A3C5-8BCFEA01E93C}.Debug|Any CPU.ActiveCfg = Debug|Any CPU
		{D3484B2C-8522-4F22-A3C5-8BCFEA01E93C}.Debug|Any CPU.Build.0 = Debug|Any CPU
		{D3484B2C-8522-4F22-A3C5-8BCFEA01E93C}.Release|Any CPU.ActiveCfg = Release|Any CPU
		{D3484B2C-8522-4F22-A3C5-8BCFEA01E93C}.Release|Any CPU.Build.0 = Release|Any CPU
	EndGlobalSection
	GlobalSection(SolutionProperties) = preSolution
		HideSolutionNode = FALSE
	EndGlobalSection
	GlobalSection(ExtensibilityGlobals) = postSolution
		SolutionGuid = {FF78E4BE-31C9-45FC-8222-065AB2914FC0}
	EndGlobalSection
EndGlobal
